# This file is automatically @generated by Cargo.
# It is not intended for manual editing.
version = 4

[[package]]
name = "bool32"
version = "0.1.1"
source = "registry+https://github.com/rust-lang/crates.io-index"
checksum = "e8459737325e57ad10b38dc1af42f9228005dd6a3e9f43bdd76c8ceb6e9c46fc"

[[package]]
name = "fermium"
version = "22605.0.0"
source = "registry+https://github.com/rust-lang/crates.io-index"
checksum = "0c600c8c2396ad4229ce7c79dcac0cbe1be5fad1dc61b639573cbddeaed1a661"
dependencies = [
 "bool32",
]

[[package]]
name = "ferox"
version = "0.1.0"
dependencies = [
 "fermium",
]
